
Microsoft Visual Studio Solution File, Format Version 12.00
# Visual Studio 15
VisualStudioVersion = 15.0.28307.572
MinimumVisualStudioVersion = 10.0.40219.1
Project("{FAE04EC0-301F-11D3-BF4B-00C04F79EFBC}") = "MissingNumber", "MissingNumber\MissingNumber.csproj", "{B02D984E-A579-4E5C-AC30-FCF884D0145D}"
EndProject
Global
	GlobalSection(SolutionConfigurationPlatforms) = preSolution
		Debug|Any CPU = Debug|Any CPU
		Release|Any CPU = Release|Any CPU
	EndGlobalSection
	GlobalSection(ProjectConfigurationPlatforms) = postSolution
		{B02D984E-A579-4E5C-AC30-FCF884D0145D}.Debug|Any CPU.ActiveCfg = Debug|Any CPU
		{B02D984E-A579-4E5C-AC30-FCF884D0145D}.Debug|Any CPU.Build.0 = Debug|Any CPU
		{B02D984E-A579-4E5C-AC30-FCF884D0145D}.Release|Any CPU.ActiveCfg = Release|Any CPU
		{B02D984E-A579-4E5C-AC30-FCF884D0145D}.Release|Any CPU.Build.0 = Release|Any CPU
	EndGlobalSection
	GlobalSection(SolutionProperties) = preSolution
		HideSolutionNode = FALSE
	EndGlobalSection
	GlobalSection(ExtensibilityGlobals) = postSolution
		SolutionGuid = {1DEA137F-615B-4A0A-9599-46427D90675B}
	EndGlobalSection
EndGlobal
