
Microsoft Visual Studio Solution File, Format Version 12.00
# Visual Studio 15
VisualStudioVersion = 15.0.28307.572
MinimumVisualStudioVersion = 10.0.40219.1
Project("{FAE04EC0-301F-11D3-BF4B-00C04F79EFBC}") = "NegativeGivenSum", "NegativeGivenSum.csproj", "{C426ED69-715F-45DF-A5A9-BE6C3FD7C622}"
EndProject
Global
	GlobalSection(SolutionConfigurationPlatforms) = preSolution
		Debug|Any CPU = Debug|Any CPU
		Release|Any CPU = Release|Any CPU
	EndGlobalSection
	GlobalSection(ProjectConfigurationPlatforms) = postSolution
		{C426ED69-715F-45DF-A5A9-BE6C3FD7C622}.Debug|Any CPU.ActiveCfg = Debug|Any CPU
		{C426ED69-715F-45DF-A5A9-BE6C3FD7C622}.Debug|Any CPU.Build.0 = Debug|Any CPU
		{C426ED69-715F-45DF-A5A9-BE6C3FD7C622}.Release|Any CPU.ActiveCfg = Release|Any CPU
		{C426ED69-715F-45DF-A5A9-BE6C3FD7C622}.Release|Any CPU.Build.0 = Release|Any CPU
	EndGlobalSection
	GlobalSection(SolutionProperties) = preSolution
		HideSolutionNode = FALSE
	EndGlobalSection
	GlobalSection(ExtensibilityGlobals) = postSolution
		SolutionGuid = {2D90C294-171A-43BD-9FE4-552FC964B613}
	EndGlobalSection
EndGlobal
